
Microsoft Visual Studio Solution File, Format Version 12.00
# Visual Studio Version 17
VisualStudioVersion = 17.10.35027.167
MinimumVisualStudioVersion = 10.0.40219.1
Project("{FAE04EC0-301F-11D3-BF4B-00C04F79EFBC}") = "VelaAngel-Clase1MVC", "VelaAngel-Clase1MVC\VelaAngel-Clase1MVC.csproj", "{2C73D94B-6D0D-4F21-BD2E-36B013EB8360}"
EndProject
Global
	GlobalSection(SolutionConfigurationPlatforms) = preSolution
		Debug|Any CPU = Debug|Any CPU
		Release|Any CPU = Release|Any CPU
	EndGlobalSection
	GlobalSection(ProjectConfigurationPlatforms) = postSolution
		{2C73D94B-6D0D-4F21-BD2E-36B013EB8360}.Debug|Any CPU.ActiveCfg = Debug|Any CPU
		{2C73D94B-6D0D-4F21-BD2E-36B013EB8360}.Debug|Any CPU.Build.0 = Debug|Any CPU
		{2C73D94B-6D0D-4F21-BD2E-36B013EB8360}.Release|Any CPU.ActiveCfg = Release|Any CPU
		{2C73D94B-6D0D-4F21-BD2E-36B013EB8360}.Release|Any CPU.Build.0 = Release|Any CPU
	EndGlobalSection
	GlobalSection(SolutionProperties) = preSolution
		HideSolutionNode = FALSE
	EndGlobalSection
	GlobalSection(ExtensibilityGlobals) = postSolution
		SolutionGuid = {0A8000B4-3546-4510-9ECA-E787D702E4A0}
	EndGlobalSection
EndGlobal
